<?xml version="1.0" encoding="utf-8"?>
<Project ToolsVersion="4.0" xmlns="http://schemas.microsoft.com/developer/msbuild/2003">
  <ItemGroup>
    <Filter Include="Common">
      <UniqueIdentifier>57cf201c-3969-4df7-9e3f-1bed90c4e870</UniqueIdentifier>
    </Filter>
    <Filter Include="Content">
      <UniqueIdentifier>4ab90220-0c12-410d-85bb-5f23cd440c1e</UniqueIdentifier>
    </Filter>
    <ClInclude Include="Common\DirectXHelper.h">
      <Filter>Common</Filter>
    </ClInclude>
    <ClInclude Include="Common\StepTimer.h">
      <Filter>Common</Filter>
    </ClInclude>
    <ClInclude Include="Common\DeviceResources.h">
      <Filter>Common</Filter>
    </ClInclude>
    <ClCompile Include="Common\DeviceResources.cpp">
      <Filter>Common</Filter>
    </ClCompile>
    <ClInclude Include="Content\ShaderStructures.h">
      <Filter>Content</Filter>
    </ClInclude>
    <Filter Include="Assets">
      <UniqueIdentifier>{5aa12073-b9df-4bde-9e96-9c411d53e22b}</UniqueIdentifier>
    </Filter>
  </ItemGroup>
  <ItemGroup>
    <ClCompile Include="App.cpp" />
    <ClCompile Include="SimpleSceneMain.cpp" />
    <ClCompile Include="pch.cpp" />
    <ClCompile Include="SceneObject.cpp">
      <Filter>Content</Filter>
    </ClCompile>
    <ClCompile Include="Cube.cpp">
      <Filter>Content</Filter>
    </ClCompile>
    <ClCompile Include="PointLight.cpp">
      <Filter>Content</Filter>
    </ClCompile>
    <ClCompile Include="Sphere.cpp">
      <Filter>Content</Filter>
    </ClCompile>
    <ClCompile Include="Room.cpp">
      <Filter>Content</Filter>
    </ClCompile>
    <ClCompile Include="Content\SceneRenderer.cpp">
      <Filter>Content</Filter>
    </ClCompile>
    <ClCompile Include="Content\FpsTextRenderer.cpp">
      <Filter>Content</Filter>
    </ClCompile>
    <ClCompile Include="Camera.cpp">
      <Filter>Content</Filter>
    </ClCompile>
  </ItemGroup>
  <ItemGroup>
    <ClInclude Include="App.h" />
    <ClInclude Include="SimpleSceneMain.h" />
    <ClInclude Include="pch.h" />
    <ClInclude Include="SceneObject.h">
      <Filter>Content</Filter>
    </ClInclude>
    <ClInclude Include="Cube.h">
      <Filter>Content</Filter>
    </ClInclude>
    <ClInclude Include="PointLight.h">
      <Filter>Content</Filter>
    </ClInclude>
    <ClInclude Include="resource.h" />
    <ClInclude Include="Sphere.h">
      <Filter>Content</Filter>
    </ClInclude>
    <ClInclude Include="Room.h">
      <Filter>Content</Filter>
    </ClInclude>
    <ClInclude Include="Camera.h">
      <Filter>Content</Filter>
    </ClInclude>
    <ClInclude Include="Content\SceneRenderer.h">
      <Filter>Content</Filter>
    </ClInclude>
    <ClInclude Include="Content\FpsTextRenderer.h">
      <Filter>Content</Filter>
    </ClInclude>
  </ItemGroup>
  <ItemGroup>
    <AppxManifest Include="Package.appxmanifest" />
  </ItemGroup>
  <ItemGroup>
    <None Include="SimpleScene_TemporaryKey.pfx" />
  </ItemGroup>
  <ItemGroup>
    <ResourceCompile Include="SimpleScene.rc" />
  </ItemGroup>
  <ItemGroup>
    <FxCompile Include="ShadowVertexShader.hlsl">
      <Filter>Content</Filter>
    </FxCompile>
    <FxCompile Include="ShadowPixelShader.hlsl">
      <Filter>Content</Filter>
    </FxCompile>
    <FxCompile Include="Content\SimpleVertexShader.hlsl">
      <Filter>Content</Filter>
    </FxCompile>
  </ItemGroup>
  <ItemGroup>
    <Image Include="Assets\LockScreenLogo.scale-200.png">
      <Filter>Assets</Filter>
    </Image>
    <Image Include="Assets\SplashScreen.scale-200.png">
      <Filter>Assets</Filter>
    </Image>
    <Image Include="Assets\Square44x44Logo.scale-200.png">
      <Filter>Assets</Filter>
    </Image>
    <Image Include="Assets\Square44x44Logo.targetsize-24_altform-unplated.png">
      <Filter>Assets</Filter>
    </Image>
    <Image Include="Assets\Square150x150Logo.scale-200.png">
      <Filter>Assets</Filter>
    </Image>
    <Image Include="Assets\StoreLogo.png">
      <Filter>Assets</Filter>
    </Image>
    <Image Include="Assets\Wide310x150Logo.scale-200.png">
      <Filter>Assets</Filter>
    </Image>
  </ItemGroup>
</Project>